
Microsoft Visual Studio Solution File, Format Version 12.00
# Visual Studio Version 17
VisualStudioVersion = 17.11.35208.52
MinimumVisualStudioVersion = 15.0.26124.0
Project("{2150E333-8FDC-42A3-9474-1A3956D46DE8}") = "mottu", "mottu", "{51331007-CACA-4676-934B-217999A6B1E2}"
EndProject
Project("{2150E333-8FDC-42A3-9474-1A3956D46DE8}") = "src", "src", "{F4408BAF-2D26-4D97-808C-7A96C4A7F636}"
EndProject
Project("{9A19103F-16F7-4668-BE54-9A1E7A4F7556}") = "Application", "mottu\src\Application\Application.csproj", "{80E73E2B-3507-4160-BF51-5B1BD3F94E4B}"
EndProject
Project("{9A19103F-16F7-4668-BE54-9A1E7A4F7556}") = "Infrastructure", "mottu\src\Infrastructure\Infrastructure.csproj", "{C38A01E0-F1C3-40C5-A8A8-5B3ECD5F59AB}"
EndProject
Project("{9A19103F-16F7-4668-BE54-9A1E7A4F7556}") = "Domain", "mottu\src\Domain\Domain.csproj", "{0925FCA6-083A-4478-80F3-2391987AAF2C}"
EndProject
Project("{9A19103F-16F7-4668-BE54-9A1E7A4F7556}") = "WebApi", "mottu\src\WebApi\WebApi.csproj", "{DDAE48BB-9BC2-41B5-BD5C-3E0EAB85DA37}"
EndProject
Project("{E53339B2-1760-4266-BCC7-CA923CBCF16C}") = "docker-compose", "docker-compose.dcproj", "{0F6F42A8-15CD-40B0-8276-C801B2BDB5D1}"
EndProject
Project("{2150E333-8FDC-42A3-9474-1A3956D46DE8}") = "3 - Workers", "3 - Workers", "{2402E054-01C5-4A37-BF9A-34177880CA50}"
EndProject
Project("{2150E333-8FDC-42A3-9474-1A3956D46DE8}") = "1 - Core", "1 - Core", "{A95C1421-B90A-47A4-AE15-645D4AB5870D}"
EndProject
Project("{2150E333-8FDC-42A3-9474-1A3956D46DE8}") = "2 - Api", "2 - Api", "{D716CBD2-362F-4BF3-95E3-623AB928E93E}"
EndProject
Project("{9A19103F-16F7-4668-BE54-9A1E7A4F7556}") = "MotorcycleWorker", "mottu\src\MotorcycleWorker\MotorcycleWorker.csproj", "{01768E66-B41E-4885-965B-CAC1E497B0DB}"
EndProject
Project("{9A19103F-16F7-4668-BE54-9A1E7A4F7556}") = "OrderWorker", "mottu\src\OrderWorker\OrderWorker.csproj", "{A6141325-3AE0-44D8-81BE-CE6F88425997}"
EndProject
Project("{2150E333-8FDC-42A3-9474-1A3956D46DE8}") = "test", "test", "{22F6F3A6-7A54-459B-9D68-09EE13206C93}"
EndProject
Project("{9A19103F-16F7-4668-BE54-9A1E7A4F7556}") = "Api.Tests", "mottu\test\Api.Tests\Api.Tests.csproj", "{CF54D9C2-38A2-43CD-AF0E-131CFE8296DD}"
EndProject
Project("{9A19103F-16F7-4668-BE54-9A1E7A4F7556}") = "CrossCutting", "mottu\src\CrossCutting\CrossCutting.csproj", "{848ECD7E-CE0D-4457-9D48-A0BE08687D23}"
EndProject
Global
	GlobalSection(SolutionConfigurationPlatforms) = preSolution
		Debug|Any CPU = Debug|Any CPU
		Release|Any CPU = Release|Any CPU
	EndGlobalSection
	GlobalSection(ProjectConfigurationPlatforms) = postSolution
		{80E73E2B-3507-4160-BF51-5B1BD3F94E4B}.Debug|Any CPU.ActiveCfg = Debug|Any CPU
		{80E73E2B-3507-4160-BF51-5B1BD3F94E4B}.Debug|Any CPU.Build.0 = Debug|Any CPU
		{80E73E2B-3507-4160-BF51-5B1BD3F94E4B}.Release|Any CPU.ActiveCfg = Release|Any CPU
		{80E73E2B-3507-4160-BF51-5B1BD3F94E4B}.Release|Any CPU.Build.0 = Release|Any CPU
		{C38A01E0-F1C3-40C5-A8A8-5B3ECD5F59AB}.Debug|Any CPU.ActiveCfg = Debug|Any CPU
		{C38A01E0-F1C3-40C5-A8A8-5B3ECD5F59AB}.Debug|Any CPU.Build.0 = Debug|Any CPU
		{C38A01E0-F1C3-40C5-A8A8-5B3ECD5F59AB}.Release|Any CPU.ActiveCfg = Release|Any CPU
		{C38A01E0-F1C3-40C5-A8A8-5B3ECD5F59AB}.Release|Any CPU.Build.0 = Release|Any CPU
		{0925FCA6-083A-4478-80F3-2391987AAF2C}.Debug|Any CPU.ActiveCfg = Debug|Any CPU
		{0925FCA6-083A-4478-80F3-2391987AAF2C}.Debug|Any CPU.Build.0 = Debug|Any CPU
		{0925FCA6-083A-4478-80F3-2391987AAF2C}.Release|Any CPU.ActiveCfg = Release|Any CPU
		{0925FCA6-083A-4478-80F3-2391987AAF2C}.Release|Any CPU.Build.0 = Release|Any CPU
		{DDAE48BB-9BC2-41B5-BD5C-3E0EAB85DA37}.Debug|Any CPU.ActiveCfg = Debug|Any CPU
		{DDAE48BB-9BC2-41B5-BD5C-3E0EAB85DA37}.Debug|Any CPU.Build.0 = Debug|Any CPU
		{DDAE48BB-9BC2-41B5-BD5C-3E0EAB85DA37}.Release|Any CPU.ActiveCfg = Release|Any CPU
		{DDAE48BB-9BC2-41B5-BD5C-3E0EAB85DA37}.Release|Any CPU.Build.0 = Release|Any CPU
		{0F6F42A8-15CD-40B0-8276-C801B2BDB5D1}.Debug|Any CPU.ActiveCfg = Debug|Any CPU
		{0F6F42A8-15CD-40B0-8276-C801B2BDB5D1}.Debug|Any CPU.Build.0 = Debug|Any CPU
		{0F6F42A8-15CD-40B0-8276-C801B2BDB5D1}.Release|Any CPU.ActiveCfg = Release|Any CPU
		{0F6F42A8-15CD-40B0-8276-C801B2BDB5D1}.Release|Any CPU.Build.0 = Release|Any CPU
		{01768E66-B41E-4885-965B-CAC1E497B0DB}.Debug|Any CPU.ActiveCfg = Debug|Any CPU
		{01768E66-B41E-4885-965B-CAC1E497B0DB}.Debug|Any CPU.Build.0 = Debug|Any CPU
		{01768E66-B41E-4885-965B-CAC1E497B0DB}.Release|Any CPU.ActiveCfg = Release|Any CPU
		{01768E66-B41E-4885-965B-CAC1E497B0DB}.Release|Any CPU.Build.0 = Release|Any CPU
		{A6141325-3AE0-44D8-81BE-CE6F88425997}.Debug|Any CPU.ActiveCfg = Debug|Any CPU
		{A6141325-3AE0-44D8-81BE-CE6F88425997}.Debug|Any CPU.Build.0 = Debug|Any CPU
		{A6141325-3AE0-44D8-81BE-CE6F88425997}.Release|Any CPU.ActiveCfg = Release|Any CPU
		{A6141325-3AE0-44D8-81BE-CE6F88425997}.Release|Any CPU.Build.0 = Release|Any CPU
		{CF54D9C2-38A2-43CD-AF0E-131CFE8296DD}.Debug|Any CPU.ActiveCfg = Debug|Any CPU
		{CF54D9C2-38A2-43CD-AF0E-131CFE8296DD}.Debug|Any CPU.Build.0 = Debug|Any CPU
		{CF54D9C2-38A2-43CD-AF0E-131CFE8296DD}.Release|Any CPU.ActiveCfg = Release|Any CPU
		{CF54D9C2-38A2-43CD-AF0E-131CFE8296DD}.Release|Any CPU.Build.0 = Release|Any CPU
		{848ECD7E-CE0D-4457-9D48-A0BE08687D23}.Debug|Any CPU.ActiveCfg = Debug|Any CPU
		{848ECD7E-CE0D-4457-9D48-A0BE08687D23}.Debug|Any CPU.Build.0 = Debug|Any CPU
		{848ECD7E-CE0D-4457-9D48-A0BE08687D23}.Release|Any CPU.ActiveCfg = Release|Any CPU
		{848ECD7E-CE0D-4457-9D48-A0BE08687D23}.Release|Any CPU.Build.0 = Release|Any CPU
	EndGlobalSection
	GlobalSection(SolutionProperties) = preSolution
		HideSolutionNode = FALSE
	EndGlobalSection
	GlobalSection(NestedProjects) = preSolution
		{F4408BAF-2D26-4D97-808C-7A96C4A7F636} = {51331007-CACA-4676-934B-217999A6B1E2}
		{80E73E2B-3507-4160-BF51-5B1BD3F94E4B} = {A95C1421-B90A-47A4-AE15-645D4AB5870D}
		{C38A01E0-F1C3-40C5-A8A8-5B3ECD5F59AB} = {A95C1421-B90A-47A4-AE15-645D4AB5870D}
		{0925FCA6-083A-4478-80F3-2391987AAF2C} = {A95C1421-B90A-47A4-AE15-645D4AB5870D}
		{DDAE48BB-9BC2-41B5-BD5C-3E0EAB85DA37} = {D716CBD2-362F-4BF3-95E3-623AB928E93E}
		{2402E054-01C5-4A37-BF9A-34177880CA50} = {F4408BAF-2D26-4D97-808C-7A96C4A7F636}
		{A95C1421-B90A-47A4-AE15-645D4AB5870D} = {F4408BAF-2D26-4D97-808C-7A96C4A7F636}
		{D716CBD2-362F-4BF3-95E3-623AB928E93E} = {F4408BAF-2D26-4D97-808C-7A96C4A7F636}
		{01768E66-B41E-4885-965B-CAC1E497B0DB} = {2402E054-01C5-4A37-BF9A-34177880CA50}
		{A6141325-3AE0-44D8-81BE-CE6F88425997} = {2402E054-01C5-4A37-BF9A-34177880CA50}
		{22F6F3A6-7A54-459B-9D68-09EE13206C93} = {51331007-CACA-4676-934B-217999A6B1E2}
		{CF54D9C2-38A2-43CD-AF0E-131CFE8296DD} = {22F6F3A6-7A54-459B-9D68-09EE13206C93}
		{848ECD7E-CE0D-4457-9D48-A0BE08687D23} = {A95C1421-B90A-47A4-AE15-645D4AB5870D}
	EndGlobalSection
	GlobalSection(ExtensibilityGlobals) = postSolution
		SolutionGuid = {0941E413-A73D-485D-8EDE-03CE0C6967E1}
	EndGlobalSection
EndGlobal
